// !$*UTF8*$!
{
	archiveVersion = 1;
	classes = {
	};
	objectVersion = 46;
	objects = {

/* Begin PBXBuildFile section */
		E9DAC1B21F30389A00F4D8B1 /* main.m in Sources */ = {isa = PBXBuildFile; fileRef = E9DAC1B11F30389A00F4D8B1 /* main.m */; };
		E9DAC1B51F30389A00F4D8B1 /* AppDelegate.m in Sources */ = {isa = PBXBuildFile; fileRef = E9DAC1B41F30389A00F4D8B1 /* AppDelegate.m */; };
		E9DAC1B81F30389A00F4D8B1 /* ViewController.m in Sources */ = {isa = PBXBuildFile; fileRef = E9DAC1B71F30389A00F4D8B1 /* ViewController.m */; };
		E9DAC1BB1F30389A00F4D8B1 /* Main.storyboard in Resources */ = {isa = PBXBuildFile; fileRef = E9DAC1B91F30389A00F4D8B1 /* Main.storyboard */; };
		E9DAC1BD1F30389A00F4D8B1 /* Assets.xcassets in Resources */ = {isa = PBXBuildFile; fileRef = E9DAC1BC1F30389A00F4D8B1 /* Assets.xcassets */; };
		E9DAC1C01F30389A00F4D8B1 /* LaunchScreen.storyboard in Resources */ = {isa = PBXBuildFile; fileRef = E9DAC1BE1F30389A00F4D8B1 /* LaunchScreen.storyboard */; };
		E9DAC1CF1F3038B000F4D8B1 /* main.m in Sources */ = {isa = PBXBuildFile; fileRef = E9DAC1CE1F3038B000F4D8B1 /* main.m */; };
		E9DAC1D21F3038B000F4D8B1 /* AppDelegate.m in Sources */ = {isa = PBXBuildFile; fileRef = E9DAC1D11F3038B000F4D8B1 /* AppDelegate.m */; };
		E9DAC1D51F3038B000F4D8B1 /* ViewController.m in Sources */ = {isa = PBXBuildFile; fileRef = E9DAC1D41F3038B000F4D8B1 /* ViewController.m */; };
		E9DAC1D81F3038B000F4D8B1 /* Main.storyboard in Resources */ = {isa = PBXBuildFile; fileRef = E9DAC1D61F3038B000F4D8B1 /* Main.storyboard */; };
		E9DAC1DA1F3038B000F4D8B1 /* Assets.xcassets in Resources */ = {isa = PBXBuildFile; fileRef = E9DAC1D91F3038B000F4D8B1 /* Assets.xcassets */; };
		E9DAC1DD1F3038B000F4D8B1 /* LaunchScreen.storyboard in Resources */ = {isa = PBXBuildFile; fileRef = E9DAC1DB1F3038B000F4D8B1 /* LaunchScreen.storyboard */; };
		E9DAC1E31F3039DC00F4D8B1 /* nums.png in Resources */ = {isa = PBXBuildFile; fileRef = E9DAC1E21F3039DC00F4D8B1 /* nums.png */; };
/* End PBXBuildFile section */

/* Begin PBXFileReference section */
		E9DAC1AD1F30389A00F4D8B1 /* SLLayerAndAnimation.app */ = {isa = PBXFileReference; explicitFileType = wrapper.application; includeInIndex = 0; path = SLLayerAndAnimation.app; sourceTree = BUILT_PRODUCTS_DIR; };
		E9DAC1B11F30389A00F4D8B1 /* main.m */ = {isa = PBXFileReference; lastKnownFileType = sourcecode.c.objc; path = main.m; sourceTree = "<group>"; };
		E9DAC1B31F30389A00F4D8B1 /* AppDelegate.h */ = {isa = PBXFileReference; lastKnownFileType = sourcecode.c.h; path = AppDelegate.h; sourceTree = "<group>"; };
		E9DAC1B41F30389A00F4D8B1 /* AppDelegate.m */ = {isa = PBXFileReference; lastKnownFileType = sourcecode.c.objc; path = AppDelegate.m; sourceTree = "<group>"; };
		E9DAC1B61F30389A00F4D8B1 /* ViewController.h */ = {isa = PBXFileReference; lastKnownFileType = sourcecode.c.h; path = ViewController.h; sourceTree = "<group>"; };
		E9DAC1B71F30389A00F4D8B1 /* ViewController.m */ = {isa = PBXFileReference; lastKnownFileType = sourcecode.c.objc; path = ViewController.m; sourceTree = "<group>"; };
		E9DAC1BA1F30389A00F4D8B1 /* Base */ = {isa = PBXFileReference; lastKnownFileType = file.storyboard; name = Base; path = Base.lproj/Main.storyboard; sourceTree = "<group>"; };
		E9DAC1BC1F30389A00F4D8B1 /* Assets.xcassets */ = {isa = PBXFileReference; lastKnownFileType = folder.assetcatalog; path = Assets.xcassets; sourceTree = "<group>"; };
		E9DAC1BF1F30389A00F4D8B1 /* Base */ = {isa = PBXFileReference; lastKnownFileType = file.storyboard; name = Base; path = Base.lproj/LaunchScreen.storyboard; sourceTree = "<group>"; };
		E9DAC1C11F30389A00F4D8B1 /* Info.plist */ = {isa = PBXFileReference; lastKnownFileType = text.plist.xml; path = Info.plist; sourceTree = "<group>"; };
		E9DAC1CB1F3038B000F4D8B1 /* SLLayerContentsRect.app */ = {isa = PBXFileReference; explicitFileType = wrapper.application; includeInIndex = 0; path = SLLayerContentsRect.app; sourceTree = BUILT_PRODUCTS_DIR; };
		E9DAC1CE1F3038B000F4D8B1 /* main.m */ = {isa = PBXFileReference; lastKnownFileType = sourcecode.c.objc; path = main.m; sourceTree = "<group>"; };
		E9DAC1D01F3038B000F4D8B1 /* AppDelegate.h */ = {isa = PBXFileReference; lastKnownFileType = sourcecode.c.h; path = AppDelegate.h; sourceTree = "<group>"; };
		E9DAC1D11F3038B000F4D8B1 /* AppDelegate.m */ = {isa = PBXFileReference; lastKnownFileType = sourcecode.c.objc; path = AppDelegate.m; sourceTree = "<group>"; };
		E9DAC1D31F3038B000F4D8B1 /* ViewController.h */ = {isa = PBXFileReference; lastKnownFileType = sourcecode.c.h; path = ViewController.h; sourceTree = "<group>"; };
		E9DAC1D41F3038B000F4D8B1 /* ViewController.m */ = {isa = PBXFileReference; lastKnownFileType = sourcecode.c.objc; path = ViewController.m; sourceTree = "<group>"; };
		E9DAC1D71F3038B000F4D8B1 /* Base */ = {isa = PBXFileReference; lastKnownFileType = file.storyboard; name = Base; path = Base.lproj/Main.storyboard; sourceTree = "<group>"; };
		E9DAC1D91F3038B000F4D8B1 /* Assets.xcassets */ = {isa = PBXFileReference; lastKnownFileType = folder.assetcatalog; path = Assets.xcassets; sourceTree = "<group>"; };
		E9DAC1DC1F3038B000F4D8B1 /* Base */ = {isa = PBXFileReference; lastKnownFileType = file.storyboard; name = Base; path = Base.lproj/LaunchScreen.storyboard; sourceTree = "<group>"; };
		E9DAC1DE1F3038B000F4D8B1 /* Info.plist */ = {isa = PBXFileReference; lastKnownFileType = text.plist.xml; path = Info.plist; sourceTree = "<group>"; };
		E9DAC1E21F3039DC00F4D8B1 /* nums.png */ = {isa = PBXFileReference; lastKnownFileType = image.png; path = nums.png; sourceTree = "<group>"; };
/* End PBXFileReference section */

/* Begin PBXFrameworksBuildPhase section */
		E9DAC1AA1F30389A00F4D8B1 /* Frameworks */ = {
			isa = PBXFrameworksBuildPhase;
			buildActionMask = 2147483647;
			files = (
			);
			runOnlyForDeploymentPostprocessing = 0;
		};
		E9DAC1C81F3038B000F4D8B1 /* Frameworks */ = {
			isa = PBXFrameworksBuildPhase;
			buildActionMask = 2147483647;
			files = (
			);
			runOnlyForDeploymentPostprocessing = 0;
		};
/* End PBXFrameworksBuildPhase section */

/* Begin PBXGroup section */
		E9DAC1A41F30389A00F4D8B1 = {
			isa = PBXGroup;
			children = (
				E9DAC1AF1F30389A00F4D8B1 /* SLLayerAndAnimation */,
				E9DAC1CC1F3038B000F4D8B1 /* SLLayerContentsRect */,
				E9DAC1AE1F30389A00F4D8B1 /* Products */,
			);
			sourceTree = "<group>";
		};
		E9DAC1AE1F30389A00F4D8B1 /* Products */ = {
			isa = PBXGroup;
			children = (
				E9DAC1AD1F30389A00F4D8B1 /* SLLayerAndAnimation.app */,
				E9DAC1CB1F3038B000F4D8B1 /* SLLayerContentsRect.app */,
			);
			name = Products;
			sourceTree = "<group>";
		};
		E9DAC1AF1F30389A00F4D8B1 /* SLLayerAndAnimation */ = {
			isa = PBXGroup;
			children = (
				E9DAC1B31F30389A00F4D8B1 /* AppDelegate.h */,
				E9DAC1B41F30389A00F4D8B1 /* AppDelegate.m */,
				E9DAC1B61F30389A00F4D8B1 /* ViewController.h */,
				E9DAC1B71F30389A00F4D8B1 /* ViewController.m */,
				E9DAC1B91F30389A00F4D8B1 /* Main.storyboard */,
				E9DAC1BC1F30389A00F4D8B1 /* Assets.xcassets */,
				E9DAC1BE1F30389A00F4D8B1 /* LaunchScreen.storyboard */,
				E9DAC1C11F30389A00F4D8B1 /* Info.plist */,
				E9DAC1B01F30389A00F4D8B1 /* Supporting Files */,
			);
			path = SLLayerAndAnimation;
			sourceTree = "<group>";
		};
		E9DAC1B01F30389A00F4D8B1 /* Supporting Files */ = {
			isa = PBXGroup;
			children = (
				E9DAC1B11F30389A00F4D8B1 /* main.m */,
			);
			name = "Supporting Files";
			sourceTree = "<group>";
		};
		E9DAC1CC1F3038B000F4D8B1 /* SLLayerContentsRect */ = {
			isa = PBXGroup;
			children = (
				E9DAC1D01F3038B000F4D8B1 /* AppDelegate.h */,
				E9DAC1D11F3038B000F4D8B1 /* AppDelegate.m */,
				E9DAC1D31F3038B000F4D8B1 /* ViewController.h */,
				E9DAC1D41F3038B000F4D8B1 /* ViewController.m */,
				E9DAC1E21F3039DC00F4D8B1 /* nums.png */,
				E9DAC1D61F3038B000F4D8B1 /* Main.storyboard */,
				E9DAC1D91F3038B000F4D8B1 /* Assets.xcassets */,
				E9DAC1DB1F3038B000F4D8B1 /* LaunchScreen.storyboard */,
				E9DAC1DE1F3038B000F4D8B1 /* Info.plist */,
				E9DAC1CD1F3038B000F4D8B1 /* Supporting Files */,
			);
			path = SLLayerContentsRect;
			sourceTree = "<group>";
		};
		E9DAC1CD1F3038B000F4D8B1 /* Supporting Files */ = {
			isa = PBXGroup;
			children = (
				E9DAC1CE1F3038B000F4D8B1 /* main.m */,
			);
			name = "Supporting Files";
			sourceTree = "<group>";
		};
/* End PBXGroup section */

/* Begin PBXNativeTarget section */
		E9DAC1AC1F30389A00F4D8B1 /* SLLayerAndAnimation */ = {
			isa = PBXNativeTarget;
			buildConfigurationList = E9DAC1C41F30389A00F4D8B1 /* Build configuration list for PBXNativeTarget "SLLayerAndAnimation" */;
			buildPhases = (
				E9DAC1A91F30389A00F4D8B1 /* Sources */,
				E9DAC1AA1F30389A00F4D8B1 /* Frameworks */,
				E9DAC1AB1F30389A00F4D8B1 /* Resources */,
			);
			buildRules = (
			);
			dependencies = (
			);
			name = SLLayerAndAnimation;
			productName = SLLayerAndAnimation;
			productReference = E9DAC1AD1F30389A00F4D8B1 /* SLLayerAndAnimation.app */;
			productType = "com.apple.product-type.application";
		};
		E9DAC1CA1F3038B000F4D8B1 /* SLLayerContentsRect */ = {
			isa = PBXNativeTarget;
			buildConfigurationList = E9DAC1DF1F3038B000F4D8B1 /* Build configuration list for PBXNativeTarget "SLLayerContentsRect" */;
			buildPhases = (
				E9DAC1C71F3038B000F4D8B1 /* Sources */,
				E9DAC1C81F3038B000F4D8B1 /* Frameworks */,
				E9DAC1C91F3038B000F4D8B1 /* Resources */,
			);
			buildRules = (
			);
			dependencies = (
			);
			name = SLLayerContentsRect;
			productName = SLLayerContentsRect;
			productReference = E9DAC1CB1F3038B000F4D8B1 /* SLLayerContentsRect.app */;
			productType = "com.apple.product-type.application";
		};
/* End PBXNativeTarget section */

/* Begin PBXProject section */
		E9DAC1A51F30389A00F4D8B1 /* Project object */ = {
			isa = PBXProject;
			attributes = {
				LastUpgradeCheck = 0830;
				ORGANIZATIONNAME = smallLabel;
				TargetAttributes = {
					E9DAC1AC1F30389A00F4D8B1 = {
						CreatedOnToolsVersion = 8.3.3;
						ProvisioningStyle = Automatic;
					};
					E9DAC1CA1F3038B000F4D8B1 = {
						CreatedOnToolsVersion = 8.3.3;
						ProvisioningStyle = Automatic;
					};
				};
			};
			buildConfigurationList = E9DAC1A81F30389A00F4D8B1 /* Build configuration list for PBXProject "SLLayerAndAnimation" */;
			compatibilityVersion = "Xcode 3.2";
			developmentRegion = English;
			hasScannedForEncodings = 0;
			knownRegions = (
				en,
				Base,
			);
			mainGroup = E9DAC1A41F30389A00F4D8B1;
			productRefGroup = E9DAC1AE1F30389A00F4D8B1 /* Products */;
			projectDirPath = "";
			projectRoot = "";
			targets = (
				E9DAC1AC1F30389A00F4D8B1 /* SLLayerAndAnimation */,
				E9DAC1CA1F3038B000F4D8B1 /* SLLayerContentsRect */,
			);
		};
/* End PBXProject section */

/* Begin PBXResourcesBuildPhase section */
		E9DAC1AB1F30389A00F4D8B1 /* Resources */ = {
			isa = PBXResourcesBuildPhase;
			buildActionMask = 2147483647;
			files = (
				E9DAC1C01F30389A00F4D8B1 /* LaunchScreen.storyboard in Resources */,
				E9DAC1BD1F30389A00F4D8B1 /* Assets.xcassets in Resources */,
				E9DAC1BB1F30389A00F4D8B1 /* Main.storyboard in Resources */,
			);
			runOnlyForDeploymentPostprocessing = 0;
		};
		E9DAC1C91F3038B000F4D8B1 /* Resources */ = {
			isa = PBXResourcesBuildPhase;
			buildActionMask = 2147483647;
			files = (
				E9DAC1DD1F3038B000F4D8B1 /* LaunchScreen.storyboard in Resources */,
				E9DAC1DA1F3038B000F4D8B1 /* Assets.xcassets in Resources */,
				E9DAC1E31F3039DC00F4D8B1 /* nums.png in Resources */,
				E9DAC1D81F3038B000F4D8B1 /* Main.storyboard in Resources */,
			);
			runOnlyForDeploymentPostprocessing = 0;
		};
/* End PBXResourcesBuildPhase section */

/* Begin PBXSourcesBuildPhase section */
		E9DAC1A91F30389A00F4D8B1 /* Sources */ = {
			isa = PBXSourcesBuildPhase;
			buildActionMask = 2147483647;
			files = (
				E9DAC1B81F30389A00F4D8B1 /* ViewController.m in Sources */,
				E9DAC1B51F30389A00F4D8B1 /* AppDelegate.m in Sources */,
				E9DAC1B21F30389A00F4D8B1 /* main.m in Sources */,
			);
			runOnlyForDeploymentPostprocessing = 0;
		};
		E9DAC1C71F3038B000F4D8B1 /* Sources */ = {
			isa = PBXSourcesBuildPhase;
			buildActionMask = 2147483647;
			files = (
				E9DAC1D51F3038B000F4D8B1 /* ViewController.m in Sources */,
				E9DAC1D21F3038B000F4D8B1 /* AppDelegate.m in Sources */,
				E9DAC1CF1F3038B000F4D8B1 /* main.m in Sources */,
			);
			runOnlyForDeploymentPostprocessing = 0;
		};
/* End PBXSourcesBuildPhase section */

/* Begin PBXVariantGroup section */
		E9DAC1B91F30389A00F4D8B1 /* Main.storyboard */ = {
			isa = PBXVariantGroup;
			children = (
				E9DAC1BA1F30389A00F4D8B1 /* Base */,
			);
			name = Main.storyboard;
			sourceTree = "<group>";
		};
		E9DAC1BE1F30389A00F4D8B1 /* LaunchScreen.storyboard */ = {
			isa = PBXVariantGroup;
			children = (
				E9DAC1BF1F30389A00F4D8B1 /* Base */,
			);
			name = LaunchScreen.storyboard;
			sourceTree = "<group>";
		};
		E9DAC1D61F3038B000F4D8B1 /* Main.storyboard */ = {
			isa = PBXVariantGroup;
			children = (
				E9DAC1D71F3038B000F4D8B1 /* Base */,
			);
			name = Main.storyboard;
			sourceTree = "<group>";
		};
		E9DAC1DB1F3038B000F4D8B1 /* LaunchScreen.storyboard */ = {
			isa = PBXVariantGroup;
			children = (
				E9DAC1DC1F3038B000F4D8B1 /* Base */,
			);
			name = LaunchScreen.storyboard;
			sourceTree = "<group>";
		};
/* End PBXVariantGroup section */

/* Begin XCBuildConfiguration section */
		E9DAC1C21F30389A00F4D8B1 /* Debug */ = {
			isa = XCBuildConfiguration;
			buildSettings = {
				ALWAYS_SEARCH_USER_PATHS = NO;
				CLANG_ANALYZER_NONNULL = YES;
				CLANG_ANALYZER_NUMBER_OBJECT_CONVERSION = YES_AGGRESSIVE;
				CLANG_CXX_LANGUAGE_STANDARD = "gnu++0x";
				CLANG_CXX_LIBRARY = "libc++";
				CLANG_ENABLE_MODULES = YES;
				CLANG_ENABLE_OBJC_ARC = YES;
				CLANG_WARN_BOOL_CONVERSION = YES;
				CLANG_WARN_CONSTANT_CONVERSION = YES;
				CLANG_WARN_DIRECT_OBJC_ISA_USAGE = YES_ERROR;
				CLANG_WARN_DOCUMENTATION_COMMENTS = YES;
				CLANG_WARN_EMPTY_BODY = YES;
				CLANG_WARN_ENUM_CONVERSION = YES;
				CLANG_WARN_INFINITE_RECURSION = YES;
				CLANG_WARN_INT_CONVERSION = YES;
				CLANG_WARN_OBJC_ROOT_CLASS = YES_ERROR;
				CLANG_WARN_SUSPICIOUS_MOVE = YES;
				CLANG_WARN_UNREACHABLE_CODE = YES;
				CLANG_WARN__DUPLICATE_METHOD_MATCH = YES;
				"CODE_SIGN_IDENTITY[sdk=iphoneos*]" = "iPhone Developer";
				COPY_PHASE_STRIP = NO;
				DEBUG_INFORMATION_FORMAT = dwarf;
				ENABLE_STRICT_OBJC_MSGSEND = YES;
				ENABLE_TESTABILITY = YES;
				GCC_C_LANGUAGE_STANDARD = gnu99;
				GCC_DYNAMIC_NO_PIC = NO;
				GCC_NO_COMMON_BLOCKS = YES;
				GCC_OPTIMIZATION_LEVEL = 0;
				GCC_PREPROCESSOR_DEFINITIONS = (
					"DEBUG=1",
					"$(inherited)",
				);
				GCC_WARN_64_TO_32_BIT_CONVERSION = YES;
				GCC_WARN_ABOUT_RETURN_TYPE = YES_ERROR;
				GCC_WARN_UNDECLARED_SELECTOR = YES;
				GCC_WARN_UNINITIALIZED_AUTOS = YES_AGGRESSIVE;
				GCC_WARN_UNUSED_FUNCTION = YES;
				GCC_WARN_UNUSED_VARIABLE = YES;
				IPHONEOS_DEPLOYMENT_TARGET = 10.3;
				MTL_ENABLE_DEBUG_INFO = YES;
				ONLY_ACTIVE_ARCH = YES;
				SDKROOT = iphoneos;
				TARGETED_DEVICE_FAMILY = "1,2";
			};
			name = Debug;
		};
		E9DAC1C31F30389A00F4D8B1 /* Release */ = {
			isa = XCBuildConfiguration;
			buildSettings = {
				ALWAYS_SEARCH_USER_PATHS = NO;
				CLANG_ANALYZER_NONNULL = YES;
				CLANG_ANALYZER_NUMBER_OBJECT_CONVERSION = YES_AGGRESSIVE;
				CLANG_CXX_LANGUAGE_STANDARD = "gnu++0x";
				CLANG_CXX_LIBRARY = "libc++";
				CLANG_ENABLE_MODULES = YES;
				CLANG_ENABLE_OBJC_ARC = YES;
				CLANG_WARN_BOOL_CONVERSION = YES;
				CLANG_WARN_CONSTANT_CONVERSION = YES;
				CLANG_WARN_DIRECT_OBJC_ISA_USAGE = YES_ERROR;
				CLANG_WARN_DOCUMENTATION_COMMENTS = YES;
				CLANG_WARN_EMPTY_BODY = YES;
				CLANG_WARN_ENUM_CONVERSION = YES;
				CLANG_WARN_INFINITE_RECURSION = YES;
				CLANG_WARN_INT_CONVERSION = YES;
				CLANG_WARN_OBJC_ROOT_CLASS = YES_ERROR;
				CLANG_WARN_SUSPICIOUS_MOVE = YES;
				CLANG_WARN_UNREACHABLE_CODE = YES;
				CLANG_WARN__DUPLICATE_METHOD_MATCH = YES;
				"CODE_SIGN_IDENTITY[sdk=iphoneos*]" = "iPhone Developer";
				COPY_PHASE_STRIP = NO;
				DEBUG_INFORMATION_FORMAT = "dwarf-with-dsym";
				ENABLE_NS_ASSERTIONS = NO;
				ENABLE_STRICT_OBJC_MSGSEND = YES;
				GCC_C_LANGUAGE_STANDARD = gnu99;
				GCC_NO_COMMON_BLOCKS = YES;
				GCC_WARN_64_TO_32_BIT_CONVERSION = YES;
				GCC_WARN_ABOUT_RETURN_TYPE = YES_ERROR;
				GCC_WARN_UNDECLARED_SELECTOR = YES;
				GCC_WARN_UNINITIALIZED_AUTOS = YES_AGGRESSIVE;
				GCC_WARN_UNUSED_FUNCTION = YES;
				GCC_WARN_UNUSED_VARIABLE = YES;
				IPHONEOS_DEPLOYMENT_TARGET = 10.3;
				MTL_ENABLE_DEBUG_INFO = NO;
				SDKROOT = iphoneos;
				TARGETED_DEVICE_FAMILY = "1,2";
				VALIDATE_PRODUCT = YES;
			};
			name = Release;
		};
		E9DAC1C51F30389A00F4D8B1 /* Debug */ = {
			isa = XCBuildConfiguration;
			buildSettings = {
				ASSETCATALOG_COMPILER_APPICON_NAME = AppIcon;
				INFOPLIST_FILE = SLLayerAndAnimation/Info.plist;
				LD_RUNPATH_SEARCH_PATHS = "$(inherited) @executable_path/Frameworks";
				PRODUCT_BUNDLE_IDENTIFIER = com.fengmap.SLLayerAndAnimation;
				PRODUCT_NAME = "$(TARGET_NAME)";
			};
			name = Debug;
		};
		E9DAC1C61F30389A00F4D8B1 /* Release */ = {
			isa = XCBuildConfiguration;
			buildSettings = {
				ASSETCATALOG_COMPILER_APPICON_NAME = AppIcon;
				INFOPLIST_FILE = SLLayerAndAnimation/Info.plist;
				LD_RUNPATH_SEARCH_PATHS = "$(inherited) @executable_path/Frameworks";
				PRODUCT_BUNDLE_IDENTIFIER = com.fengmap.SLLayerAndAnimation;
				PRODUCT_NAME = "$(TARGET_NAME)";
			};
			name = Release;
		};
		E9DAC1E01F3038B000F4D8B1 /* Debug */ = {
			isa = XCBuildConfiguration;
			buildSettings = {
				ASSETCATALOG_COMPILER_APPICON_NAME = AppIcon;
				INFOPLIST_FILE = SLLayerContentsRect/Info.plist;
				LD_RUNPATH_SEARCH_PATHS = "$(inherited) @executable_path/Frameworks";
				PRODUCT_BUNDLE_IDENTIFIER = com.fengmap.SLLayerContentsRect;
				PRODUCT_NAME = "$(TARGET_NAME)";
			};
			name = Debug;
		};
		E9DAC1E11F3038B000F4D8B1 /* Release */ = {
			isa = XCBuildConfiguration;
			buildSettings = {
				ASSETCATALOG_COMPILER_APPICON_NAME = AppIcon;
				INFOPLIST_FILE = SLLayerContentsRect/Info.plist;
				LD_RUNPATH_SEARCH_PATHS = "$(inherited) @executable_path/Frameworks";
				PRODUCT_BUNDLE_IDENTIFIER = com.fengmap.SLLayerContentsRect;
				PRODUCT_NAME = "$(TARGET_NAME)";
			};
			name = Release;
		};
/* End XCBuildConfiguration section */

/* Begin XCConfigurationList section */
		E9DAC1A81F30389A00F4D8B1 /* Build configuration list for PBXProject "SLLayerAndAnimation" */ = {
			isa = XCConfigurationList;
			buildConfigurations = (
				E9DAC1C21F30389A00F4D8B1 /* Debug */,
				E9DAC1C31F30389A00F4D8B1 /* Release */,
			);
			defaultConfigurationIsVisible = 0;
			defaultConfigurationName = Release;
		};
		E9DAC1C41F30389A00F4D8B1 /* Build configuration list for PBXNativeTarget "SLLayerAndAnimation" */ = {
			isa = XCConfigurationList;
			buildConfigurations = (
				E9DAC1C51F30389A00F4D8B1 /* Debug */,
				E9DAC1C61F30389A00F4D8B1 /* Release */,
			);
			defaultConfigurationIsVisible = 0;
		};
		E9DAC1DF1F3038B000F4D8B1 /* Build configuration list for PBXNativeTarget "SLLayerContentsRect" */ = {
			isa = XCConfigurationList;
			buildConfigurations = (
				E9DAC1E01F3038B000F4D8B1 /* Debug */,
				E9DAC1E11F3038B000F4D8B1 /* Release */,
			);
			defaultConfigurationIsVisible = 0;
		};
/* End XCConfigurationList section */
	};
	rootObject = E9DAC1A51F30389A00F4D8B1 /* Project object */;
}
